// !$*UTF8*$!
{
	archiveVersion = 1;
	classes = {
	};
	objectVersion = 50;
	objects = {

/* Begin PBXBuildFile section */
		7FEDB430272BF4AB001B7139 /* AppDelegate.swift in Sources */ = {isa = PBXBuildFile; fileRef = 7FEDB42F272BF4AB001B7139 /* AppDelegate.swift */; };
		7FEDB432272BF4AB001B7139 /* SceneDelegate.swift in Sources */ = {isa = PBXBuildFile; fileRef = 7FEDB431272BF4AB001B7139 /* SceneDelegate.swift */; };
		7FEDB434272BF4AB001B7139 /* ViewController.swift in Sources */ = {isa = PBXBuildFile; fileRef = 7FEDB433272BF4AB001B7139 /* ViewController.swift */; };
		7FEDB437272BF4AB001B7139 /* Main.storyboard in Resources */ = {isa = PBXBuildFile; fileRef = 7FEDB435272BF4AB001B7139 /* Main.storyboard */; };
		7FEDB439272BF4AD001B7139 /* Assets.xcassets in Resources */ = {isa = PBXBuildFile; fileRef = 7FEDB438272BF4AD001B7139 /* Assets.xcassets */; };
		7FEDB43C272BF4AD001B7139 /* LaunchScreen.storyboard in Resources */ = {isa = PBXBuildFile; fileRef = 7FEDB43A272BF4AD001B7139 /* LaunchScreen.storyboard */; };
		7FEDB444272BF4C6001B7139 /* TopAlignedLabel.swift in Sources */ = {isa = PBXBuildFile; fileRef = 7FEDB443272BF4C6001B7139 /* TopAlignedLabel.swift */; };
/* End PBXBuildFile section */

/* Begin PBXFileReference section */
		7FEDB42C272BF4AB001B7139 /* TopAlignedLabel.app */ = {isa = PBXFileReference; explicitFileType = wrapper.application; includeInIndex = 0; path = TopAlignedLabel.app; sourceTree = BUILT_PRODUCTS_DIR; };
		7FEDB42F272BF4AB001B7139 /* AppDelegate.swift */ = {isa = PBXFileReference; lastKnownFileType = sourcecode.swift; path = AppDelegate.swift; sourceTree = "<group>"; };
		7FEDB431272BF4AB001B7139 /* SceneDelegate.swift */ = {isa = PBXFileReference; lastKnownFileType = sourcecode.swift; path = SceneDelegate.swift; sourceTree = "<group>"; };
		7FEDB433272BF4AB001B7139 /* ViewController.swift */ = {isa = PBXFileReference; lastKnownFileType = sourcecode.swift; path = ViewController.swift; sourceTree = "<group>"; };
		7FEDB436272BF4AB001B7139 /* Base */ = {isa = PBXFileReference; lastKnownFileType = file.storyboard; name = Base; path = Base.lproj/Main.storyboard; sourceTree = "<group>"; };
		7FEDB438272BF4AD001B7139 /* Assets.xcassets */ = {isa = PBXFileReference; lastKnownFileType = folder.assetcatalog; path = Assets.xcassets; sourceTree = "<group>"; };
		7FEDB43B272BF4AD001B7139 /* Base */ = {isa = PBXFileReference; lastKnownFileType = file.storyboard; name = Base; path = Base.lproj/LaunchScreen.storyboard; sourceTree = "<group>"; };
		7FEDB43D272BF4AD001B7139 /* Info.plist */ = {isa = PBXFileReference; lastKnownFileType = text.plist.xml; path = Info.plist; sourceTree = "<group>"; };
		7FEDB443272BF4C6001B7139 /* TopAlignedLabel.swift */ = {isa = PBXFileReference; fileEncoding = 4; lastKnownFileType = sourcecode.swift; path = TopAlignedLabel.swift; sourceTree = "<group>"; };
/* End PBXFileReference section */

/* Begin PBXFrameworksBuildPhase section */
		7FEDB429272BF4AB001B7139 /* Frameworks */ = {
			isa = PBXFrameworksBuildPhase;
			buildActionMask = 2147483647;
			files = (
			);
			runOnlyForDeploymentPostprocessing = 0;
		};
/* End PBXFrameworksBuildPhase section */

/* Begin PBXGroup section */
		7FEDB423272BF4AB001B7139 = {
			isa = PBXGroup;
			children = (
				7FEDB42E272BF4AB001B7139 /* TopAlignedLabel */,
				7FEDB42D272BF4AB001B7139 /* Products */,
			);
			sourceTree = "<group>";
		};
		7FEDB42D272BF4AB001B7139 /* Products */ = {
			isa = PBXGroup;
			children = (
				7FEDB42C272BF4AB001B7139 /* TopAlignedLabel.app */,
			);
			name = Products;
			sourceTree = "<group>";
		};
		7FEDB42E272BF4AB001B7139 /* TopAlignedLabel */ = {
			isa = PBXGroup;
			children = (
				7FEDB42F272BF4AB001B7139 /* AppDelegate.swift */,
				7FEDB431272BF4AB001B7139 /* SceneDelegate.swift */,
				7FEDB433272BF4AB001B7139 /* ViewController.swift */,
				7FEDB443272BF4C6001B7139 /* TopAlignedLabel.swift */,
				7FEDB435272BF4AB001B7139 /* Main.storyboard */,
				7FEDB438272BF4AD001B7139 /* Assets.xcassets */,
				7FEDB43A272BF4AD001B7139 /* LaunchScreen.storyboard */,
				7FEDB43D272BF4AD001B7139 /* Info.plist */,
			);
			path = TopAlignedLabel;
			sourceTree = "<group>";
		};
/* End PBXGroup section */

/* Begin PBXNativeTarget section */
		7FEDB42B272BF4AB001B7139 /* TopAlignedLabel */ = {
			isa = PBXNativeTarget;
			buildConfigurationList = 7FEDB440272BF4AD001B7139 /* Build configuration list for PBXNativeTarget "TopAlignedLabel" */;
			buildPhases = (
				7FEDB428272BF4AB001B7139 /* Sources */,
				7FEDB429272BF4AB001B7139 /* Frameworks */,
				7FEDB42A272BF4AB001B7139 /* Resources */,
			);
			buildRules = (
			);
			dependencies = (
			);
			name = TopAlignedLabel;
			productName = TopAlignedLabel;
			productReference = 7FEDB42C272BF4AB001B7139 /* TopAlignedLabel.app */;
			productType = "com.apple.product-type.application";
		};
/* End PBXNativeTarget section */

/* Begin PBXProject section */
		7FEDB424272BF4AB001B7139 /* Project object */ = {
			isa = PBXProject;
			attributes = {
				LastSwiftUpdateCheck = 1250;
				LastUpgradeCheck = 1250;
				TargetAttributes = {
					7FEDB42B272BF4AB001B7139 = {
						CreatedOnToolsVersion = 12.5.1;
					};
				};
			};
			buildConfigurationList = 7FEDB427272BF4AB001B7139 /* Build configuration list for PBXProject "TopAlignedLabel" */;
			compatibilityVersion = "Xcode 9.3";
			developmentRegion = en;
			hasScannedForEncodings = 0;
			knownRegions = (
				en,
				Base,
			);
			mainGroup = 7FEDB423272BF4AB001B7139;
			productRefGroup = 7FEDB42D272BF4AB001B7139 /* Products */;
			projectDirPath = "";
			projectRoot = "";
			targets = (
				7FEDB42B272BF4AB001B7139 /* TopAlignedLabel */,
			);
		};
/* End PBXProject section */

/* Begin PBXResourcesBuildPhase section */
		7FEDB42A272BF4AB001B7139 /* Resources */ = {
			isa = PBXResourcesBuildPhase;
			buildActionMask = 2147483647;
			files = (
				7FEDB43C272BF4AD001B7139 /* LaunchScreen.storyboard in Resources */,
				7FEDB439272BF4AD001B7139 /* Assets.xcassets in Resources */,
				7FEDB437272BF4AB001B7139 /* Main.storyboard in Resources */,
			);
			runOnlyForDeploymentPostprocessing = 0;
		};
/* End PBXResourcesBuildPhase section */

/* Begin PBXSourcesBuildPhase section */
		7FEDB428272BF4AB001B7139 /* Sources */ = {
			isa = PBXSourcesBuildPhase;
			buildActionMask = 2147483647;
			files = (
				7FEDB434272BF4AB001B7139 /* ViewController.swift in Sources */,
				7FEDB430272BF4AB001B7139 /* AppDelegate.swift in Sources */,
				7FEDB432272BF4AB001B7139 /* SceneDelegate.swift in Sources */,
				7FEDB444272BF4C6001B7139 /* TopAlignedLabel.swift in Sources */,
			);
			runOnlyForDeploymentPostprocessing = 0;
		};
/* End PBXSourcesBuildPhase section */

/* Begin PBXVariantGroup section */
		7FEDB435272BF4AB001B7139 /* Main.storyboard */ = {
			isa = PBXVariantGroup;
			children = (
				7FEDB436272BF4AB001B7139 /* Base */,
			);
			name = Main.storyboard;
			sourceTree = "<group>";
		};
		7FEDB43A272BF4AD001B7139 /* LaunchScreen.storyboard */ = {
			isa = PBXVariantGroup;
			children = (
				7FEDB43B272BF4AD001B7139 /* Base */,
			);
			name = LaunchScreen.storyboard;
			sourceTree = "<group>";
		};
/* End PBXVariantGroup section */

/* Begin XCBuildConfiguration section */
		7FEDB43E272BF4AD001B7139 /* Debug */ = {
			isa = XCBuildConfiguration;
			buildSettings = {
				ALWAYS_SEARCH_USER_PATHS = NO;
				CLANG_ANALYZER_NONNULL = YES;
				CLANG_ANALYZER_NUMBER_OBJECT_CONVERSION = YES_AGGRESSIVE;
				CLANG_CXX_LANGUAGE_STANDARD = "gnu++14";
				CLANG_CXX_LIBRARY = "libc++";
				CLANG_ENABLE_MODULES = YES;
				CLANG_ENABLE_OBJC_ARC = YES;
				CLANG_ENABLE_OBJC_WEAK = YES;
				CLANG_WARN_BLOCK_CAPTURE_AUTORELEASING = YES;
				CLANG_WARN_BOOL_CONVERSION = YES;
				CLANG_WARN_COMMA = YES;
				CLANG_WARN_CONSTANT_CONVERSION = YES;
				CLANG_WARN_DEPRECATED_OBJC_IMPLEMENTATIONS = YES;
				CLANG_WARN_DIRECT_OBJC_ISA_USAGE = YES_ERROR;
				CLANG_WARN_DOCUMENTATION_COMMENTS = YES;
				CLANG_WARN_EMPTY_BODY = YES;
				CLANG_WARN_ENUM_CONVERSION = YES;
				CLANG_WARN_INFINITE_RECURSION = YES;
				CLANG_WARN_INT_CONVERSION = YES;
				CLANG_WARN_NON_LITERAL_NULL_CONVERSION = YES;
				CLANG_WARN_OBJC_IMPLICIT_RETAIN_SELF = YES;
				CLANG_WARN_OBJC_LITERAL_CONVERSION = YES;
				CLANG_WARN_OBJC_ROOT_CLASS = YES_ERROR;
				CLANG_WARN_QUOTED_INCLUDE_IN_FRAMEWORK_HEADER = YES;
				CLANG_WARN_RANGE_LOOP_ANALYSIS = YES;
				CLANG_WARN_STRICT_PROTOTYPES = YES;
				CLANG_WARN_SUSPICIOUS_MOVE = YES;
				CLANG_WARN_UNGUARDED_AVAILABILITY = YES_AGGRESSIVE;
				CLANG_WARN_UNREACHABLE_CODE = YES;
				CLANG_WARN__DUPLICATE_METHOD_MATCH = YES;
				COPY_PHASE_STRIP = NO;
				DEBUG_INFORMATION_FORMAT = dwarf;
				ENABLE_STRICT_OBJC_MSGSEND = YES;
				ENABLE_TESTABILITY = YES;
				GCC_C_LANGUAGE_STANDARD = gnu11;
				GCC_DYNAMIC_NO_PIC = NO;
				GCC_NO_COMMON_BLOCKS = YES;
				GCC_OPTIMIZATION_LEVEL = 0;
				GCC_PREPROCESSOR_DEFINITIONS = (
					"DEBUG=1",
					"$(inherited)",
				);
				GCC_WARN_64_TO_32_BIT_CONVERSION = YES;
				GCC_WARN_ABOUT_RETURN_TYPE = YES_ERROR;
				GCC_WARN_UNDECLARED_SELECTOR = YES;
				GCC_WARN_UNINITIALIZED_AUTOS = YES_AGGRESSIVE;
				GCC_WARN_UNUSED_FUNCTION = YES;
				GCC_WARN_UNUSED_VARIABLE = YES;
				IPHONEOS_DEPLOYMENT_TARGET = 14.5;
				MTL_ENABLE_DEBUG_INFO = INCLUDE_SOURCE;
				MTL_FAST_MATH = YES;
				ONLY_ACTIVE_ARCH = YES;
				SDKROOT = iphoneos;
				SWIFT_ACTIVE_COMPILATION_CONDITIONS = DEBUG;
				SWIFT_OPTIMIZATION_LEVEL = "-Onone";
			};
			name = Debug;
		};
		7FEDB43F272BF4AD001B7139 /* Release */ = {
			isa = XCBuildConfiguration;
			buildSettings = {
				ALWAYS_SEARCH_USER_PATHS = NO;
				CLANG_ANALYZER_NONNULL = YES;
				CLANG_ANALYZER_NUMBER_OBJECT_CONVERSION = YES_AGGRESSIVE;
				CLANG_CXX_LANGUAGE_STANDARD = "gnu++14";
				CLANG_CXX_LIBRARY = "libc++";
				CLANG_ENABLE_MODULES = YES;
				CLANG_ENABLE_OBJC_ARC = YES;
				CLANG_ENABLE_OBJC_WEAK = YES;
				CLANG_WARN_BLOCK_CAPTURE_AUTORELEASING = YES;
				CLANG_WARN_BOOL_CONVERSION = YES;
				CLANG_WARN_COMMA = YES;
				CLANG_WARN_CONSTANT_CONVERSION = YES;
				CLANG_WARN_DEPRECATED_OBJC_IMPLEMENTATIONS = YES;
				CLANG_WARN_DIRECT_OBJC_ISA_USAGE = YES_ERROR;
				CLANG_WARN_DOCUMENTATION_COMMENTS = YES;
				CLANG_WARN_EMPTY_BODY = YES;
				CLANG_WARN_ENUM_CONVERSION = YES;
				CLANG_WARN_INFINITE_RECURSION = YES;
				CLANG_WARN_INT_CONVERSION = YES;
				CLANG_WARN_NON_LITERAL_NULL_CONVERSION = YES;
				CLANG_WARN_OBJC_IMPLICIT_RETAIN_SELF = YES;
				CLANG_WARN_OBJC_LITERAL_CONVERSION = YES;
				CLANG_WARN_OBJC_ROOT_CLASS = YES_ERROR;
				CLANG_WARN_QUOTED_INCLUDE_IN_FRAMEWORK_HEADER = YES;
				CLANG_WARN_RANGE_LOOP_ANALYSIS = YES;
				CLANG_WARN_STRICT_PROTOTYPES = YES;
				CLANG_WARN_SUSPICIOUS_MOVE = YES;
				CLANG_WARN_UNGUARDED_AVAILABILITY = YES_AGGRESSIVE;
				CLANG_WARN_UNREACHABLE_CODE = YES;
				CLANG_WARN__DUPLICATE_METHOD_MATCH = YES;
				COPY_PHASE_STRIP = NO;
				DEBUG_INFORMATION_FORMAT = "dwarf-with-dsym";
				ENABLE_NS_ASSERTIONS = NO;
				ENABLE_STRICT_OBJC_MSGSEND = YES;
				GCC_C_LANGUAGE_STANDARD = gnu11;
				GCC_NO_COMMON_BLOCKS = YES;
				GCC_WARN_64_TO_32_BIT_CONVERSION = YES;
				GCC_WARN_ABOUT_RETURN_TYPE = YES_ERROR;
				GCC_WARN_UNDECLARED_SELECTOR = YES;
				GCC_WARN_UNINITIALIZED_AUTOS = YES_AGGRESSIVE;
				GCC_WARN_UNUSED_FUNCTION = YES;
				GCC_WARN_UNUSED_VARIABLE = YES;
				IPHONEOS_DEPLOYMENT_TARGET = 14.5;
				MTL_ENABLE_DEBUG_INFO = NO;
				MTL_FAST_MATH = YES;
				SDKROOT = iphoneos;
				SWIFT_COMPILATION_MODE = wholemodule;
				SWIFT_OPTIMIZATION_LEVEL = "-O";
				VALIDATE_PRODUCT = YES;
			};
			name = Release;
		};
		7FEDB441272BF4AD001B7139 /* Debug */ = {
			isa = XCBuildConfiguration;
			buildSettings = {
				ASSETCATALOG_COMPILER_APPICON_NAME = AppIcon;
				ASSETCATALOG_COMPILER_GLOBAL_ACCENT_COLOR_NAME = AccentColor;
				CODE_SIGN_STYLE = Automatic;
				INFOPLIST_FILE = TopAlignedLabel/Info.plist;
				LD_RUNPATH_SEARCH_PATHS = (
					"$(inherited)",
					"@executable_path/Frameworks",
				);
				PRODUCT_BUNDLE_IDENTIFIER = com.saikiran.TopAlignedLabel;
				PRODUCT_NAME = "$(TARGET_NAME)";
				SWIFT_VERSION = 5.0;
				TARGETED_DEVICE_FAMILY = "1,2";
			};
			name = Debug;
		};
		7FEDB442272BF4AD001B7139 /* Release */ = {
			isa = XCBuildConfiguration;
			buildSettings = {
				ASSETCATALOG_COMPILER_APPICON_NAME = AppIcon;
				ASSETCATALOG_COMPILER_GLOBAL_ACCENT_COLOR_NAME = AccentColor;
				CODE_SIGN_STYLE = Automatic;
				INFOPLIST_FILE = TopAlignedLabel/Info.plist;
				LD_RUNPATH_SEARCH_PATHS = (
					"$(inherited)",
					"@executable_path/Frameworks",
				);
				PRODUCT_BUNDLE_IDENTIFIER = com.saikiran.TopAlignedLabel;
				PRODUCT_NAME = "$(TARGET_NAME)";
				SWIFT_VERSION = 5.0;
				TARGETED_DEVICE_FAMILY = "1,2";
			};
			name = Release;
		};
/* End XCBuildConfiguration section */

/* Begin XCConfigurationList section */
		7FEDB427272BF4AB001B7139 /* Build configuration list for PBXProject "TopAlignedLabel" */ = {
			isa = XCConfigurationList;
			buildConfigurations = (
				7FEDB43E272BF4AD001B7139 /* Debug */,
				7FEDB43F272BF4AD001B7139 /* Release */,
			);
			defaultConfigurationIsVisible = 0;
			defaultConfigurationName = Release;
		};
		7FEDB440272BF4AD001B7139 /* Build configuration list for PBXNativeTarget "TopAlignedLabel" */ = {
			isa = XCConfigurationList;
			buildConfigurations = (
				7FEDB441272BF4AD001B7139 /* Debug */,
				7FEDB442272BF4AD001B7139 /* Release */,
			);
			defaultConfigurationIsVisible = 0;
			defaultConfigurationName = Release;
		};
/* End XCConfigurationList section */
	};
	rootObject = 7FEDB424272BF4AB001B7139 /* Project object */;
}
